
Microsoft Visual Studio Solution File, Format Version 12.00
# Visual Studio 15
VisualStudioVersion = 15.0.27130.2036
MinimumVisualStudioVersion = 10.0.40219.1
Project("{E24C65DC-7377-472B-9ABA-BC803B73C61A}") = "Website", "Website\", "{38F0C1EE-4AEE-4475-A1A4-CB94A08E3EFA}"
	ProjectSection(WebsiteProperties) = preProject
		TargetFrameworkMoniker = ".NETFramework,Version%3Dv4.5"
		Debug.AspNetCompiler.VirtualPath = "/localhost_57709"
		Debug.AspNetCompiler.PhysicalPath = "Website\"
		Debug.AspNetCompiler.TargetPath = "PrecompiledWeb\localhost_57709\"
		Debug.AspNetCompiler.Updateable = "true"
		Debug.AspNetCompiler.ForceOverwrite = "true"
		Debug.AspNetCompiler.FixedNames = "false"
		Debug.AspNetCompiler.Debug = "True"
		Release.AspNetCompiler.VirtualPath = "/localhost_57709"
		Release.AspNetCompiler.PhysicalPath = "Website\"
		Release.AspNetCompiler.TargetPath = "PrecompiledWeb\localhost_57709\"
		Release.AspNetCompiler.Updateable = "true"
		Release.AspNetCompiler.ForceOverwrite = "true"
		Release.AspNetCompiler.FixedNames = "false"
		Release.AspNetCompiler.Debug = "False"
		VWDPort = "57709"
		SlnRelativePath = "Website\"
		DefaultWebSiteLanguage = "Visual C#"
	EndProjectSection
EndProject
Global
	GlobalSection(SolutionConfigurationPlatforms) = preSolution
		Debug|Any CPU = Debug|Any CPU
	EndGlobalSection
	GlobalSection(ProjectConfigurationPlatforms) = postSolution
		{38F0C1EE-4AEE-4475-A1A4-CB94A08E3EFA}.Debug|Any CPU.ActiveCfg = Debug|Any CPU
		{38F0C1EE-4AEE-4475-A1A4-CB94A08E3EFA}.Debug|Any CPU.Build.0 = Debug|Any CPU
	EndGlobalSection
	GlobalSection(SolutionProperties) = preSolution
		HideSolutionNode = FALSE
	EndGlobalSection
	GlobalSection(ExtensibilityGlobals) = postSolution
		SolutionGuid = {A974DCFD-EB3C-4977-97EF-D34CDA1DCB64}
	EndGlobalSection
EndGlobal
